
Microsoft Visual Studio Solution File, Format Version 12.00
# Visual Studio Version 16
VisualStudioVersion = 16.0.30413.136
MinimumVisualStudioVersion = 10.0.40219.1
Project("{9A19103F-16F7-4668-BE54-9A1E7A4F7556}") = "ZUS_rekrutacja", "ZUS_rekrutacja\ZUS_rekrutacja.csproj", "{02410773-722B-4704-92AB-DE7794772713}"
EndProject
Project("{FAE04EC0-301F-11D3-BF4B-00C04F79EFBC}") = "ZUS_rekrutacja.Testy", "ZUS_rekrutacja.Testy\ZUS_rekrutacja.Testy.csproj", "{4E2B2C2F-9358-4CE0-83CC-359B2DC367E8}"
EndProject
Global
	GlobalSection(SolutionConfigurationPlatforms) = preSolution
		Debug|Any CPU = Debug|Any CPU
		Release|Any CPU = Release|Any CPU
	EndGlobalSection
	GlobalSection(ProjectConfigurationPlatforms) = postSolution
		{02410773-722B-4704-92AB-DE7794772713}.Debug|Any CPU.ActiveCfg = Debug|Any CPU
		{02410773-722B-4704-92AB-DE7794772713}.Debug|Any CPU.Build.0 = Debug|Any CPU
		{02410773-722B-4704-92AB-DE7794772713}.Release|Any CPU.ActiveCfg = Release|Any CPU
		{02410773-722B-4704-92AB-DE7794772713}.Release|Any CPU.Build.0 = Release|Any CPU
		{4E2B2C2F-9358-4CE0-83CC-359B2DC367E8}.Debug|Any CPU.ActiveCfg = Debug|Any CPU
		{4E2B2C2F-9358-4CE0-83CC-359B2DC367E8}.Debug|Any CPU.Build.0 = Debug|Any CPU
		{4E2B2C2F-9358-4CE0-83CC-359B2DC367E8}.Release|Any CPU.ActiveCfg = Release|Any CPU
		{4E2B2C2F-9358-4CE0-83CC-359B2DC367E8}.Release|Any CPU.Build.0 = Release|Any CPU
	EndGlobalSection
	GlobalSection(SolutionProperties) = preSolution
		HideSolutionNode = FALSE
	EndGlobalSection
	GlobalSection(ExtensibilityGlobals) = postSolution
		SolutionGuid = {4E075612-7773-45D9-AED4-2A8E1E391F13}
	EndGlobalSection
EndGlobal
